
Microsoft Visual Studio Solution File, Format Version 12.00
# Visual Studio 15
VisualStudioVersion = 15.0.28307.572
MinimumVisualStudioVersion = 10.0.40219.1
Project("{FAE04EC0-301F-11D3-BF4B-00C04F79EFBC}") = "DSA.Main", "DSA\DSA.Main.csproj", "{58E02B2E-05FA-47A0-97B3-C367AF69525F}"
EndProject
Project("{9A19103F-16F7-4668-BE54-9A1E7A4F7556}") = "DSA.Sorting", "DSA.Sorting\DSA.Sorting.csproj", "{EA2E062F-4BDB-48A1-A67F-B5E7FCF7D99E}"
EndProject
Project("{FAE04EC0-301F-11D3-BF4B-00C04F79EFBC}") = "DSA.Maths", "DSA.Maths\DSA.Maths.csproj", "{0DCFA15D-1DBE-4F08-9C60-18AEDA9A0619}"
EndProject
Project("{FAE04EC0-301F-11D3-BF4B-00C04F79EFBC}") = "DSA.LinkedList", "DSA.LinkedList\DSA.LinkedList.csproj", "{8AB71633-D60F-499A-B105-FB3B338537A7}"
EndProject
Project("{FAE04EC0-301F-11D3-BF4B-00C04F79EFBC}") = "DSA.Stack", "DSA.Stack\DSA.Stack.csproj", "{0FF05284-5FFC-4673-A33B-D365200F0621}"
EndProject
Project("{FAE04EC0-301F-11D3-BF4B-00C04F79EFBC}") = "DSA.Queue", "DSA.Queue\DSA.Queue.csproj", "{F3302BFC-F401-499A-A004-2248BABF1140}"
EndProject
Project("{FAE04EC0-301F-11D3-BF4B-00C04F79EFBC}") = "DSA.Tree", "DSA.Tree\DSA.Tree.csproj", "{C2483FD3-D255-4103-BA39-2D0E6D6028A6}"
EndProject
Project("{FAE04EC0-301F-11D3-BF4B-00C04F79EFBC}") = "DSA.Heap", "DSA.Heap\DSA.Heap.csproj", "{EFBCE9AA-1464-461B-B75C-4EC0F0D82F3E}"
EndProject
Project("{FAE04EC0-301F-11D3-BF4B-00C04F79EFBC}") = "DSA.Backtracking", "DSA.Backtracking\DSA.Backtracking.csproj", "{BA56D5BB-0D81-4651-9177-CA386C3DE597}"
EndProject
Project("{FAE04EC0-301F-11D3-BF4B-00C04F79EFBC}") = "DSA.Recursion", "DSA.Recursion\DSA.Recursion.csproj", "{86BB0FD0-05FD-46AD-A567-B9469894CBCF}"
EndProject
Project("{FAE04EC0-301F-11D3-BF4B-00C04F79EFBC}") = "DSA.Recurssion", "DSA.Recurssion\DSA.Recurssion.csproj", "{403906C0-7E89-4786-8058-16601D44C39C}"
EndProject
Project("{FAE04EC0-301F-11D3-BF4B-00C04F79EFBC}") = "DSA.Programs", "DSA.Programs\DSA.Programs.csproj", "{C31B8D94-4BF1-4A98-8EAB-2546815FE22E}"
EndProject
Project("{FAE04EC0-301F-11D3-BF4B-00C04F79EFBC}") = "DSA.Array", "DSA.Array\DSA.Array.csproj", "{CF77D8D9-4201-4635-B6BB-0186627CD30A}"
EndProject
Project("{FAE04EC0-301F-11D3-BF4B-00C04F79EFBC}") = "DSA.String", "DSA.String\DSA.String.csproj", "{1811CCC9-8811-430C-9CE4-86568BCA7FF7}"
EndProject
Global
	GlobalSection(SolutionConfigurationPlatforms) = preSolution
		Debug|Any CPU = Debug|Any CPU
		Release|Any CPU = Release|Any CPU
	EndGlobalSection
	GlobalSection(ProjectConfigurationPlatforms) = postSolution
		{58E02B2E-05FA-47A0-97B3-C367AF69525F}.Debug|Any CPU.ActiveCfg = Debug|Any CPU
		{58E02B2E-05FA-47A0-97B3-C367AF69525F}.Debug|Any CPU.Build.0 = Debug|Any CPU
		{58E02B2E-05FA-47A0-97B3-C367AF69525F}.Release|Any CPU.ActiveCfg = Release|Any CPU
		{58E02B2E-05FA-47A0-97B3-C367AF69525F}.Release|Any CPU.Build.0 = Release|Any CPU
		{EA2E062F-4BDB-48A1-A67F-B5E7FCF7D99E}.Debug|Any CPU.ActiveCfg = Debug|Any CPU
		{EA2E062F-4BDB-48A1-A67F-B5E7FCF7D99E}.Debug|Any CPU.Build.0 = Debug|Any CPU
		{EA2E062F-4BDB-48A1-A67F-B5E7FCF7D99E}.Release|Any CPU.ActiveCfg = Release|Any CPU
		{EA2E062F-4BDB-48A1-A67F-B5E7FCF7D99E}.Release|Any CPU.Build.0 = Release|Any CPU
		{0DCFA15D-1DBE-4F08-9C60-18AEDA9A0619}.Debug|Any CPU.ActiveCfg = Debug|Any CPU
		{0DCFA15D-1DBE-4F08-9C60-18AEDA9A0619}.Debug|Any CPU.Build.0 = Debug|Any CPU
		{0DCFA15D-1DBE-4F08-9C60-18AEDA9A0619}.Release|Any CPU.ActiveCfg = Release|Any CPU
		{0DCFA15D-1DBE-4F08-9C60-18AEDA9A0619}.Release|Any CPU.Build.0 = Release|Any CPU
		{8AB71633-D60F-499A-B105-FB3B338537A7}.Debug|Any CPU.ActiveCfg = Debug|Any CPU
		{8AB71633-D60F-499A-B105-FB3B338537A7}.Debug|Any CPU.Build.0 = Debug|Any CPU
		{8AB71633-D60F-499A-B105-FB3B338537A7}.Release|Any CPU.ActiveCfg = Release|Any CPU
		{8AB71633-D60F-499A-B105-FB3B338537A7}.Release|Any CPU.Build.0 = Release|Any CPU
		{0FF05284-5FFC-4673-A33B-D365200F0621}.Debug|Any CPU.ActiveCfg = Debug|Any CPU
		{0FF05284-5FFC-4673-A33B-D365200F0621}.Debug|Any CPU.Build.0 = Debug|Any CPU
		{0FF05284-5FFC-4673-A33B-D365200F0621}.Release|Any CPU.ActiveCfg = Release|Any CPU
		{0FF05284-5FFC-4673-A33B-D365200F0621}.Release|Any CPU.Build.0 = Release|Any CPU
		{F3302BFC-F401-499A-A004-2248BABF1140}.Debug|Any CPU.ActiveCfg = Debug|Any CPU
		{F3302BFC-F401-499A-A004-2248BABF1140}.Debug|Any CPU.Build.0 = Debug|Any CPU
		{F3302BFC-F401-499A-A004-2248BABF1140}.Release|Any CPU.ActiveCfg = Release|Any CPU
		{F3302BFC-F401-499A-A004-2248BABF1140}.Release|Any CPU.Build.0 = Release|Any CPU
		{C2483FD3-D255-4103-BA39-2D0E6D6028A6}.Debug|Any CPU.ActiveCfg = Debug|Any CPU
		{C2483FD3-D255-4103-BA39-2D0E6D6028A6}.Debug|Any CPU.Build.0 = Debug|Any CPU
		{C2483FD3-D255-4103-BA39-2D0E6D6028A6}.Release|Any CPU.ActiveCfg = Release|Any CPU
		{C2483FD3-D255-4103-BA39-2D0E6D6028A6}.Release|Any CPU.Build.0 = Release|Any CPU
		{EFBCE9AA-1464-461B-B75C-4EC0F0D82F3E}.Debug|Any CPU.ActiveCfg = Debug|Any CPU
		{EFBCE9AA-1464-461B-B75C-4EC0F0D82F3E}.Debug|Any CPU.Build.0 = Debug|Any CPU
		{EFBCE9AA-1464-461B-B75C-4EC0F0D82F3E}.Release|Any CPU.ActiveCfg = Release|Any CPU
		{EFBCE9AA-1464-461B-B75C-4EC0F0D82F3E}.Release|Any CPU.Build.0 = Release|Any CPU
		{BA56D5BB-0D81-4651-9177-CA386C3DE597}.Debug|Any CPU.ActiveCfg = Debug|Any CPU
		{BA56D5BB-0D81-4651-9177-CA386C3DE597}.Debug|Any CPU.Build.0 = Debug|Any CPU
		{BA56D5BB-0D81-4651-9177-CA386C3DE597}.Release|Any CPU.ActiveCfg = Release|Any CPU
		{BA56D5BB-0D81-4651-9177-CA386C3DE597}.Release|Any CPU.Build.0 = Release|Any CPU
		{86BB0FD0-05FD-46AD-A567-B9469894CBCF}.Debug|Any CPU.ActiveCfg = Debug|Any CPU
		{86BB0FD0-05FD-46AD-A567-B9469894CBCF}.Debug|Any CPU.Build.0 = Debug|Any CPU
		{86BB0FD0-05FD-46AD-A567-B9469894CBCF}.Release|Any CPU.ActiveCfg = Release|Any CPU
		{86BB0FD0-05FD-46AD-A567-B9469894CBCF}.Release|Any CPU.Build.0 = Release|Any CPU
		{403906C0-7E89-4786-8058-16601D44C39C}.Debug|Any CPU.ActiveCfg = Debug|Any CPU
		{403906C0-7E89-4786-8058-16601D44C39C}.Debug|Any CPU.Build.0 = Debug|Any CPU
		{403906C0-7E89-4786-8058-16601D44C39C}.Release|Any CPU.ActiveCfg = Release|Any CPU
		{403906C0-7E89-4786-8058-16601D44C39C}.Release|Any CPU.Build.0 = Release|Any CPU
		{C31B8D94-4BF1-4A98-8EAB-2546815FE22E}.Debug|Any CPU.ActiveCfg = Debug|Any CPU
		{C31B8D94-4BF1-4A98-8EAB-2546815FE22E}.Debug|Any CPU.Build.0 = Debug|Any CPU
		{C31B8D94-4BF1-4A98-8EAB-2546815FE22E}.Release|Any CPU.ActiveCfg = Release|Any CPU
		{C31B8D94-4BF1-4A98-8EAB-2546815FE22E}.Release|Any CPU.Build.0 = Release|Any CPU
		{CF77D8D9-4201-4635-B6BB-0186627CD30A}.Debug|Any CPU.ActiveCfg = Debug|Any CPU
		{CF77D8D9-4201-4635-B6BB-0186627CD30A}.Debug|Any CPU.Build.0 = Debug|Any CPU
		{CF77D8D9-4201-4635-B6BB-0186627CD30A}.Release|Any CPU.ActiveCfg = Release|Any CPU
		{CF77D8D9-4201-4635-B6BB-0186627CD30A}.Release|Any CPU.Build.0 = Release|Any CPU
		{1811CCC9-8811-430C-9CE4-86568BCA7FF7}.Debug|Any CPU.ActiveCfg = Debug|Any CPU
		{1811CCC9-8811-430C-9CE4-86568BCA7FF7}.Debug|Any CPU.Build.0 = Debug|Any CPU
		{1811CCC9-8811-430C-9CE4-86568BCA7FF7}.Release|Any CPU.ActiveCfg = Release|Any CPU
		{1811CCC9-8811-430C-9CE4-86568BCA7FF7}.Release|Any CPU.Build.0 = Release|Any CPU
	EndGlobalSection
	GlobalSection(SolutionProperties) = preSolution
		HideSolutionNode = FALSE
	EndGlobalSection
	GlobalSection(ExtensibilityGlobals) = postSolution
		SolutionGuid = {239F4D58-ABA5-44B5-B259-DC246A85194F}
	EndGlobalSection
EndGlobal
